
Microsoft Visual Studio Solution File, Format Version 12.00
# Visual Studio Version 16
VisualStudioVersion = 16.0.31624.102
MinimumVisualStudioVersion = 10.0.40219.1
Project("{9A19103F-16F7-4668-BE54-9A1E7A4F7556}") = "TooManyTabs", "TooManyTabs.csproj", "{7EFAB741-2887-4C69-97A0-BB9F59E0F9C8}"
EndProject
Global
	GlobalSection(SolutionConfigurationPlatforms) = preSolution
		Debug|Any CPU = Debug|Any CPU
		Release|Any CPU = Release|Any CPU
	EndGlobalSection
	GlobalSection(ProjectConfigurationPlatforms) = postSolution
		{7EFAB741-2887-4C69-97A0-BB9F59E0F9C8}.Debug|Any CPU.ActiveCfg = Debug|Any CPU
		{7EFAB741-2887-4C69-97A0-BB9F59E0F9C8}.Debug|Any CPU.Build.0 = Debug|Any CPU
		{7EFAB741-2887-4C69-97A0-BB9F59E0F9C8}.Release|Any CPU.ActiveCfg = Release|Any CPU
		{7EFAB741-2887-4C69-97A0-BB9F59E0F9C8}.Release|Any CPU.Build.0 = Release|Any CPU
	EndGlobalSection
	GlobalSection(SolutionProperties) = preSolution
		HideSolutionNode = FALSE
	EndGlobalSection
	GlobalSection(ExtensibilityGlobals) = postSolution
		SolutionGuid = {13EF2CB3-B7E9-4485-A52F-F3E61222D664}
	EndGlobalSection
EndGlobal
